
Microsoft Visual Studio Solution File, Format Version 12.00
# Visual Studio Version 17
VisualStudioVersion = 17.13.35931.197 d17.13
MinimumVisualStudioVersion = 10.0.40219.1
Project("{FAE04EC0-301F-11D3-BF4B-00C04F79EFBC}") = "BitSweep", "BitSweep\BitSweep.csproj", "{9DDBE70D-DEA3-4B2F-9918-F62AACAC7B33}"
EndProject
Global
	GlobalSection(SolutionConfigurationPlatforms) = preSolution
		Debug|Any CPU = Debug|Any CPU
		Release|Any CPU = Release|Any CPU
	EndGlobalSection
	GlobalSection(ProjectConfigurationPlatforms) = postSolution
		{9DDBE70D-DEA3-4B2F-9918-F62AACAC7B33}.Debug|Any CPU.ActiveCfg = Debug|Any CPU
		{9DDBE70D-DEA3-4B2F-9918-F62AACAC7B33}.Debug|Any CPU.Build.0 = Debug|Any CPU
		{9DDBE70D-DEA3-4B2F-9918-F62AACAC7B33}.Release|Any CPU.ActiveCfg = Release|Any CPU
		{9DDBE70D-DEA3-4B2F-9918-F62AACAC7B33}.Release|Any CPU.Build.0 = Release|Any CPU
	EndGlobalSection
	GlobalSection(SolutionProperties) = preSolution
		HideSolutionNode = FALSE
	EndGlobalSection
	GlobalSection(ExtensibilityGlobals) = postSolution
		SolutionGuid = {AB6EF40E-32E4-437F-A576-676B6D0FD286}
	EndGlobalSection
EndGlobal
